
Microsoft Visual Studio Solution File, Format Version 11.00
# Visual Studio 2010
Project("{FAE04EC0-301F-11D3-BF4B-00C04F79EFBC}") = "WindowsFormsApplication1", "WindowsFormsApplication1\WindowsFormsApplication1.csproj", "{23790408-68ED-40B4-A6F9-63FA89BAA65D}"
EndProject
Global
	GlobalSection(SolutionConfigurationPlatforms) = preSolution
		Debug|x86 = Debug|x86
		Release|x86 = Release|x86
	EndGlobalSection
	GlobalSection(ProjectConfigurationPlatforms) = postSolution
		{23790408-68ED-40B4-A6F9-63FA89BAA65D}.Debug|x86.ActiveCfg = Debug|x86
		{23790408-68ED-40B4-A6F9-63FA89BAA65D}.Debug|x86.Build.0 = Debug|x86
		{23790408-68ED-40B4-A6F9-63FA89BAA65D}.Release|x86.ActiveCfg = Release|x86
		{23790408-68ED-40B4-A6F9-63FA89BAA65D}.Release|x86.Build.0 = Release|x86
	EndGlobalSection
	GlobalSection(SolutionProperties) = preSolution
		HideSolutionNode = FALSE
	EndGlobalSection
EndGlobal
