
Microsoft Visual Studio Solution File, Format Version 11.00
# Visual Studio 2010
Project("{FAE04EC0-301F-11D3-BF4B-00C04F79EFBC}") = "MethodOverriding", "MethodOverriding\MethodOverriding.csproj", "{B020A228-7DAC-4DCD-B5C1-943B7FBCCC91}"
EndProject
Global
	GlobalSection(SolutionConfigurationPlatforms) = preSolution
		Debug|x86 = Debug|x86
		Release|x86 = Release|x86
	EndGlobalSection
	GlobalSection(ProjectConfigurationPlatforms) = postSolution
		{B020A228-7DAC-4DCD-B5C1-943B7FBCCC91}.Debug|x86.ActiveCfg = Debug|x86
		{B020A228-7DAC-4DCD-B5C1-943B7FBCCC91}.Debug|x86.Build.0 = Debug|x86
		{B020A228-7DAC-4DCD-B5C1-943B7FBCCC91}.Release|x86.ActiveCfg = Release|x86
		{B020A228-7DAC-4DCD-B5C1-943B7FBCCC91}.Release|x86.Build.0 = Release|x86
	EndGlobalSection
	GlobalSection(SolutionProperties) = preSolution
		HideSolutionNode = FALSE
	EndGlobalSection
EndGlobal
